
Microsoft Visual Studio Solution File, Format Version 12.00
# Visual Studio Version 16
VisualStudioVersion = 16.0.29503.13
MinimumVisualStudioVersion = 10.0.40219.1
Project("{FAE04EC0-301F-11D3-BF4B-00C04F79EFBC}") = "PhotoAPI", "PhotoAPI\PhotoAPI.csproj", "{DE094FA9-63E1-4789-9AF5-E670020533C5}"
EndProject
Global
	GlobalSection(SolutionConfigurationPlatforms) = preSolution
		Debug|Any CPU = Debug|Any CPU
		Release|Any CPU = Release|Any CPU
	EndGlobalSection
	GlobalSection(ProjectConfigurationPlatforms) = postSolution
		{DE094FA9-63E1-4789-9AF5-E670020533C5}.Debug|Any CPU.ActiveCfg = Debug|Any CPU
		{DE094FA9-63E1-4789-9AF5-E670020533C5}.Debug|Any CPU.Build.0 = Debug|Any CPU
		{DE094FA9-63E1-4789-9AF5-E670020533C5}.Release|Any CPU.ActiveCfg = Release|Any CPU
		{DE094FA9-63E1-4789-9AF5-E670020533C5}.Release|Any CPU.Build.0 = Release|Any CPU
	EndGlobalSection
	GlobalSection(SolutionProperties) = preSolution
		HideSolutionNode = FALSE
	EndGlobalSection
	GlobalSection(ExtensibilityGlobals) = postSolution
		SolutionGuid = {3AEDF8A3-64C9-44F7-8578-E240BC2C4138}
	EndGlobalSection
EndGlobal
